// !$*UTF8*$!
{
	archiveVersion = 1;
	classes = {
	};
	objectVersion = 46;
	objects = {

/* Begin PBXBuildFile section */
		03070E311CE2A7480061CAEC /* NeuralNet.cpp in Sources */ = {isa = PBXBuildFile; fileRef = 03070E2F1CE2A7480061CAEC /* NeuralNet.cpp */; };
		03070E341CE2A7D80061CAEC /* Neuron.cpp in Sources */ = {isa = PBXBuildFile; fileRef = 03070E321CE2A7D80061CAEC /* Neuron.cpp */; };
		03070E371CE2A8650061CAEC /* TrainingData.cpp in Sources */ = {isa = PBXBuildFile; fileRef = 03070E351CE2A8650061CAEC /* TrainingData.cpp */; };
		036354571CE27BE800634503 /* main.cpp in Sources */ = {isa = PBXBuildFile; fileRef = 036354561CE27BE800634503 /* main.cpp */; };
/* End PBXBuildFile section */

/* Begin PBXCopyFilesBuildPhase section */
		036354511CE27BE800634503 /* CopyFiles */ = {
			isa = PBXCopyFilesBuildPhase;
			buildActionMask = 2147483647;
			dstPath = /usr/share/man/man1/;
			dstSubfolderSpec = 0;
			files = (
			);
			runOnlyForDeploymentPostprocessing = 1;
		};
/* End PBXCopyFilesBuildPhase section */

/* Begin PBXFileReference section */
		03070E2D1CE29CB60061CAEC /* train.txt */ = {isa = PBXFileReference; fileEncoding = 4; lastKnownFileType = text; path = train.txt; sourceTree = "<group>"; };
		03070E2F1CE2A7480061CAEC /* NeuralNet.cpp */ = {isa = PBXFileReference; fileEncoding = 4; lastKnownFileType = sourcecode.cpp.cpp; path = NeuralNet.cpp; sourceTree = "<group>"; };
		03070E301CE2A7480061CAEC /* NeuralNet.hpp */ = {isa = PBXFileReference; fileEncoding = 4; lastKnownFileType = sourcecode.cpp.h; path = NeuralNet.hpp; sourceTree = "<group>"; };
		03070E321CE2A7D80061CAEC /* Neuron.cpp */ = {isa = PBXFileReference; fileEncoding = 4; lastKnownFileType = sourcecode.cpp.cpp; path = Neuron.cpp; sourceTree = "<group>"; };
		03070E331CE2A7D80061CAEC /* Neuron.hpp */ = {isa = PBXFileReference; fileEncoding = 4; lastKnownFileType = sourcecode.cpp.h; path = Neuron.hpp; sourceTree = "<group>"; };
		03070E351CE2A8650061CAEC /* TrainingData.cpp */ = {isa = PBXFileReference; fileEncoding = 4; lastKnownFileType = sourcecode.cpp.cpp; path = TrainingData.cpp; sourceTree = "<group>"; };
		03070E361CE2A8650061CAEC /* TrainingData.hpp */ = {isa = PBXFileReference; fileEncoding = 4; lastKnownFileType = sourcecode.cpp.h; path = TrainingData.hpp; sourceTree = "<group>"; };
		036354531CE27BE800634503 /* NeuralNet */ = {isa = PBXFileReference; explicitFileType = "compiled.mach-o.executable"; includeInIndex = 0; path = NeuralNet; sourceTree = BUILT_PRODUCTS_DIR; };
		036354561CE27BE800634503 /* main.cpp */ = {isa = PBXFileReference; lastKnownFileType = sourcecode.cpp.cpp; path = main.cpp; sourceTree = "<group>"; };
/* End PBXFileReference section */

/* Begin PBXFrameworksBuildPhase section */
		036354501CE27BE800634503 /* Frameworks */ = {
			isa = PBXFrameworksBuildPhase;
			buildActionMask = 2147483647;
			files = (
			);
			runOnlyForDeploymentPostprocessing = 0;
		};
/* End PBXFrameworksBuildPhase section */

/* Begin PBXGroup section */
		0363544A1CE27BE800634503 = {
			isa = PBXGroup;
			children = (
				036354551CE27BE800634503 /* NeuralNet */,
				036354541CE27BE800634503 /* Products */,
			);
			sourceTree = "<group>";
		};
		036354541CE27BE800634503 /* Products */ = {
			isa = PBXGroup;
			children = (
				036354531CE27BE800634503 /* NeuralNet */,
			);
			name = Products;
			sourceTree = "<group>";
		};
		036354551CE27BE800634503 /* NeuralNet */ = {
			isa = PBXGroup;
			children = (
				036354561CE27BE800634503 /* main.cpp */,
				03070E351CE2A8650061CAEC /* TrainingData.cpp */,
				03070E361CE2A8650061CAEC /* TrainingData.hpp */,
				03070E2F1CE2A7480061CAEC /* NeuralNet.cpp */,
				03070E301CE2A7480061CAEC /* NeuralNet.hpp */,
				03070E321CE2A7D80061CAEC /* Neuron.cpp */,
				03070E331CE2A7D80061CAEC /* Neuron.hpp */,
				03070E2D1CE29CB60061CAEC /* train.txt */,
			);
			path = NeuralNet;
			sourceTree = "<group>";
		};
/* End PBXGroup section */

/* Begin PBXNativeTarget section */
		036354521CE27BE800634503 /* NeuralNet */ = {
			isa = PBXNativeTarget;
			buildConfigurationList = 0363545A1CE27BE800634503 /* Build configuration list for PBXNativeTarget "NeuralNet" */;
			buildPhases = (
				0363544F1CE27BE800634503 /* Sources */,
				036354501CE27BE800634503 /* Frameworks */,
				036354511CE27BE800634503 /* CopyFiles */,
			);
			buildRules = (
			);
			dependencies = (
			);
			name = NeuralNet;
			productName = NeuralNet;
			productReference = 036354531CE27BE800634503 /* NeuralNet */;
			productType = "com.apple.product-type.tool";
		};
/* End PBXNativeTarget section */

/* Begin PBXProject section */
		0363544B1CE27BE800634503 /* Project object */ = {
			isa = PBXProject;
			attributes = {
				LastUpgradeCheck = 0730;
				ORGANIZATIONNAME = "Erik Arakelyan";
				TargetAttributes = {
					036354521CE27BE800634503 = {
						CreatedOnToolsVersion = 7.3;
					};
				};
			};
			buildConfigurationList = 0363544E1CE27BE800634503 /* Build configuration list for PBXProject "NeuralNet" */;
			compatibilityVersion = "Xcode 3.2";
			developmentRegion = English;
			hasScannedForEncodings = 0;
			knownRegions = (
				en,
			);
			mainGroup = 0363544A1CE27BE800634503;
			productRefGroup = 036354541CE27BE800634503 /* Products */;
			projectDirPath = "";
			projectRoot = "";
			targets = (
				036354521CE27BE800634503 /* NeuralNet */,
			);
		};
/* End PBXProject section */

/* Begin PBXSourcesBuildPhase section */
		0363544F1CE27BE800634503 /* Sources */ = {
			isa = PBXSourcesBuildPhase;
			buildActionMask = 2147483647;
			files = (
				03070E311CE2A7480061CAEC /* NeuralNet.cpp in Sources */,
				036354571CE27BE800634503 /* main.cpp in Sources */,
				03070E341CE2A7D80061CAEC /* Neuron.cpp in Sources */,
				03070E371CE2A8650061CAEC /* TrainingData.cpp in Sources */,
			);
			runOnlyForDeploymentPostprocessing = 0;
		};
/* End PBXSourcesBuildPhase section */

/* Begin XCBuildConfiguration section */
		036354581CE27BE800634503 /* Debug */ = {
			isa = XCBuildConfiguration;
			buildSettings = {
				ALWAYS_SEARCH_USER_PATHS = NO;
				CLANG_ANALYZER_NONNULL = YES;
				CLANG_CXX_LANGUAGE_STANDARD = "gnu++0x";
				CLANG_CXX_LIBRARY = "libc++";
				CLANG_ENABLE_MODULES = YES;
				CLANG_ENABLE_OBJC_ARC = YES;
				CLANG_WARN_BOOL_CONVERSION = YES;
				CLANG_WARN_CONSTANT_CONVERSION = YES;
				CLANG_WARN_DIRECT_OBJC_ISA_USAGE = YES_ERROR;
				CLANG_WARN_EMPTY_BODY = YES;
				CLANG_WARN_ENUM_CONVERSION = YES;
				CLANG_WARN_INT_CONVERSION = YES;
				CLANG_WARN_OBJC_ROOT_CLASS = YES_ERROR;
				CLANG_WARN_UNREACHABLE_CODE = YES;
				CLANG_WARN__DUPLICATE_METHOD_MATCH = YES;
				CODE_SIGN_IDENTITY = "-";
				COPY_PHASE_STRIP = NO;
				DEBUG_INFORMATION_FORMAT = dwarf;
				ENABLE_STRICT_OBJC_MSGSEND = YES;
				ENABLE_TESTABILITY = YES;
				GCC_C_LANGUAGE_STANDARD = gnu99;
				GCC_DYNAMIC_NO_PIC = NO;
				GCC_NO_COMMON_BLOCKS = YES;
				GCC_OPTIMIZATION_LEVEL = 0;
				GCC_PREPROCESSOR_DEFINITIONS = (
					"DEBUG=1",
					"$(inherited)",
				);
				GCC_WARN_64_TO_32_BIT_CONVERSION = YES;
				GCC_WARN_ABOUT_RETURN_TYPE = YES_ERROR;
				GCC_WARN_UNDECLARED_SELECTOR = YES;
				GCC_WARN_UNINITIALIZED_AUTOS = YES_AGGRESSIVE;
				GCC_WARN_UNUSED_FUNCTION = YES;
				GCC_WARN_UNUSED_VARIABLE = YES;
				MACOSX_DEPLOYMENT_TARGET = 10.11;
				MTL_ENABLE_DEBUG_INFO = YES;
				ONLY_ACTIVE_ARCH = YES;
				SDKROOT = macosx;
			};
			name = Debug;
		};
		036354591CE27BE800634503 /* Release */ = {
			isa = XCBuildConfiguration;
			buildSettings = {
				ALWAYS_SEARCH_USER_PATHS = NO;
				CLANG_ANALYZER_NONNULL = YES;
				CLANG_CXX_LANGUAGE_STANDARD = "gnu++0x";
				CLANG_CXX_LIBRARY = "libc++";
				CLANG_ENABLE_MODULES = YES;
				CLANG_ENABLE_OBJC_ARC = YES;
				CLANG_WARN_BOOL_CONVERSION = YES;
				CLANG_WARN_CONSTANT_CONVERSION = YES;
				CLANG_WARN_DIRECT_OBJC_ISA_USAGE = YES_ERROR;
				CLANG_WARN_EMPTY_BODY = YES;
				CLANG_WARN_ENUM_CONVERSION = YES;
				CLANG_WARN_INT_CONVERSION = YES;
				CLANG_WARN_OBJC_ROOT_CLASS = YES_ERROR;
				CLANG_WARN_UNREACHABLE_CODE = YES;
				CLANG_WARN__DUPLICATE_METHOD_MATCH = YES;
				CODE_SIGN_IDENTITY = "-";
				COPY_PHASE_STRIP = NO;
				DEBUG_INFORMATION_FORMAT = "dwarf-with-dsym";
				ENABLE_NS_ASSERTIONS = NO;
				ENABLE_STRICT_OBJC_MSGSEND = YES;
				GCC_C_LANGUAGE_STANDARD = gnu99;
				GCC_NO_COMMON_BLOCKS = YES;
				GCC_WARN_64_TO_32_BIT_CONVERSION = YES;
				GCC_WARN_ABOUT_RETURN_TYPE = YES_ERROR;
				GCC_WARN_UNDECLARED_SELECTOR = YES;
				GCC_WARN_UNINITIALIZED_AUTOS = YES_AGGRESSIVE;
				GCC_WARN_UNUSED_FUNCTION = YES;
				GCC_WARN_UNUSED_VARIABLE = YES;
				MACOSX_DEPLOYMENT_TARGET = 10.11;
				MTL_ENABLE_DEBUG_INFO = NO;
				SDKROOT = macosx;
			};
			name = Release;
		};
		0363545B1CE27BE800634503 /* Debug */ = {
			isa = XCBuildConfiguration;
			buildSettings = {
				PRODUCT_NAME = "$(TARGET_NAME)";
			};
			name = Debug;
		};
		0363545C1CE27BE800634503 /* Release */ = {
			isa = XCBuildConfiguration;
			buildSettings = {
				PRODUCT_NAME = "$(TARGET_NAME)";
			};
			name = Release;
		};
/* End XCBuildConfiguration section */

/* Begin XCConfigurationList section */
		0363544E1CE27BE800634503 /* Build configuration list for PBXProject "NeuralNet" */ = {
			isa = XCConfigurationList;
			buildConfigurations = (
				036354581CE27BE800634503 /* Debug */,
				036354591CE27BE800634503 /* Release */,
			);
			defaultConfigurationIsVisible = 0;
			defaultConfigurationName = Release;
		};
		0363545A1CE27BE800634503 /* Build configuration list for PBXNativeTarget "NeuralNet" */ = {
			isa = XCConfigurationList;
			buildConfigurations = (
				0363545B1CE27BE800634503 /* Debug */,
				0363545C1CE27BE800634503 /* Release */,
			);
			defaultConfigurationIsVisible = 0;
			defaultConfigurationName = Release;
		};
/* End XCConfigurationList section */
	};
	rootObject = 0363544B1CE27BE800634503 /* Project object */;
}
